
Microsoft Visual Studio Solution File, Format Version 12.00
# Visual Studio Version 17
VisualStudioVersion = 17.5.33516.290
MinimumVisualStudioVersion = 10.0.40219.1
Project("{FAE04EC0-301F-11D3-BF4B-00C04F79EFBC}") = "ClassMetotDemoOdev", "ClassMetotDemoOdev\ClassMetotDemoOdev.csproj", "{E87FFC8C-6750-448F-8841-7C50DAD3AEBA}"
EndProject
Global
	GlobalSection(SolutionConfigurationPlatforms) = preSolution
		Debug|Any CPU = Debug|Any CPU
		Release|Any CPU = Release|Any CPU
	EndGlobalSection
	GlobalSection(ProjectConfigurationPlatforms) = postSolution
		{E87FFC8C-6750-448F-8841-7C50DAD3AEBA}.Debug|Any CPU.ActiveCfg = Debug|Any CPU
		{E87FFC8C-6750-448F-8841-7C50DAD3AEBA}.Debug|Any CPU.Build.0 = Debug|Any CPU
		{E87FFC8C-6750-448F-8841-7C50DAD3AEBA}.Release|Any CPU.ActiveCfg = Release|Any CPU
		{E87FFC8C-6750-448F-8841-7C50DAD3AEBA}.Release|Any CPU.Build.0 = Release|Any CPU
	EndGlobalSection
	GlobalSection(SolutionProperties) = preSolution
		HideSolutionNode = FALSE
	EndGlobalSection
	GlobalSection(ExtensibilityGlobals) = postSolution
		SolutionGuid = {6F7F33B0-5161-4439-9FBF-BF3243C2FA9B}
	EndGlobalSection
EndGlobal
